# THIS IS AN AUTOGENERATED FILE. DO NOT EDIT THIS FILE DIRECTLY.
# yarn lockfile v1


"@vue/eslint-config-standard@^6.1.0":
  version "6.1.0"
  resolved "https://registry.yarnpkg.com/@vue/eslint-config-standard/-/eslint-config-standard-6.1.0.tgz#b362ba67c86caa4e7b44481c2303c9dccc2dc037"
  integrity sha512-9+hrEyflDzsGdlBDl9jPV5DIYUx1TOU5OSQqRDKCrNumrxRj5HRWKuk+ocXWnha6uoNRtLC24mY7d/MwqvBCNw==
  dependencies:
    eslint-config-standard "^16.0.3"
    eslint-import-resolver-node "^0.3.4"
    eslint-import-resolver-webpack "^0.13.1"

array-find@^1.0.0:
  version "1.0.0"
  resolved "https://registry.yarnpkg.com/array-find/-/array-find-1.0.0.tgz#6c8e286d11ed768327f8e62ecee87353ca3e78b8"
  integrity sha1-bI4obRHtdoMn+OYuzuhzU8o+eLg=

call-bind@^1.0.2:
  version "1.0.2"
  resolved "https://registry.yarnpkg.com/call-bind/-/call-bind-1.0.2.tgz#b1d4e89e688119c3c9a903ad30abb2f6a919be3c"
  integrity sha512-7O+FbCihrB5WGbFYesctwmTKae6rOiIzmz1icreWJ+0aA7LJfuqhEso2T9ncpcFtzMQtzXf2QGGueWJGTYsqrA==
  dependencies:
    function-bind "^1.1.1"
    get-intrinsic "^1.0.2"

debug@^3.2.7:
  version "3.2.7"
  resolved "https://registry.yarnpkg.com/debug/-/debug-3.2.7.tgz#72580b7e9145fb39b6676f9c5e5fb100b934179a"
  integrity sha512-CFjzYYAi4ThfiQvizrFQevTTXHtnCqWfe7x1AhgEscTz6ZbLbfoLRLPugTQyBth6f8ZERVUSyWHFD/7Wu4t1XQ==
  dependencies:
    ms "^2.1.1"

enhanced-resolve@^0.9.1:
  version "0.9.1"
  resolved "https://registry.yarnpkg.com/enhanced-resolve/-/enhanced-resolve-0.9.1.tgz#4d6e689b3725f86090927ccc86cd9f1635b89e2e"
  integrity sha1-TW5omzcl+GCQknzMhs2fFjW4ni4=
  dependencies:
    graceful-fs "^4.1.2"
    memory-fs "^0.2.0"
    tapable "^0.1.8"

eslint-config-standard@^16.0.3:
  version "16.0.3"
  resolved "https://registry.yarnpkg.com/eslint-config-standard/-/eslint-config-standard-16.0.3.tgz#6c8761e544e96c531ff92642eeb87842b8488516"
  integrity sha512-x4fmJL5hGqNJKGHSjnLdgA6U6h1YW/G2dW9fA+cyVur4SK6lyue8+UgNKWlZtUDTXvgKDD/Oa3GQjmB5kjtVvg==

eslint-import-resolver-node@^0.3.4:
  version "0.3.6"
  resolved "https://registry.yarnpkg.com/eslint-import-resolver-node/-/eslint-import-resolver-node-0.3.6.tgz#4048b958395da89668252001dbd9eca6b83bacbd"
  integrity sha512-0En0w03NRVMn9Uiyn8YRPDKvWjxCWkslUEhGNTdGx15RvPJYQ+lbOlqrlNI2vEAs4pDYK4f/HN2TbDmk5TP0iw==
  dependencies:
    debug "^3.2.7"
    resolve "^1.20.0"

eslint-import-resolver-webpack@^0.13.1:
  version "0.13.2"
  resolved "https://registry.yarnpkg.com/eslint-import-resolver-webpack/-/eslint-import-resolver-webpack-0.13.2.tgz#fc813df0d08b9265cc7072d22393bda5198bdc1e"
  integrity sha512-XodIPyg1OgE2h5BDErz3WJoK7lawxKTJNhgPNafRST6csC/MZC+L5P6kKqsZGRInpbgc02s/WZMrb4uGJzcuRg==
  dependencies:
    array-find "^1.0.0"
    debug "^3.2.7"
    enhanced-resolve "^0.9.1"
    find-root "^1.1.0"
    has "^1.0.3"
    interpret "^1.4.0"
    is-core-module "^2.7.0"
    is-regex "^1.1.4"
    lodash "^4.17.21"
    resolve "^1.20.0"
    semver "^5.7.1"

find-root@^1.1.0:
  version "1.1.0"
  resolved "https://registry.yarnpkg.com/find-root/-/find-root-1.1.0.tgz#abcfc8ba76f708c42a97b3d685b7e9450bfb9ce4"
  integrity sha512-NKfW6bec6GfKc0SGx1e07QZY9PE99u0Bft/0rzSD5k3sO/vwkVUpDUKVm5Gpp5Ue3YfShPFTX2070tDs5kB9Ng==

function-bind@^1.1.1:
  version "1.1.1"
  resolved "https://registry.yarnpkg.com/function-bind/-/function-bind-1.1.1.tgz#a56899d3ea3c9bab874bb9773b7c5ede92f4895d"
  integrity sha512-yIovAzMX49sF8Yl58fSCWJ5svSLuaibPxXQJFLmBObTuCr0Mf1KiPopGM9NiFjiYBCbfaa2Fh6breQ6ANVTI0A==

get-intrinsic@^1.0.2:
  version "1.1.1"
  resolved "https://registry.yarnpkg.com/get-intrinsic/-/get-intrinsic-1.1.1.tgz#15f59f376f855c446963948f0d24cd3637b4abc6"
  integrity sha512-kWZrnVM42QCiEA2Ig1bG8zjoIMOgxWwYCEeNdwY6Tv/cOSeGpcoX4pXHfKUxNKVoArnrEr2e9srnAxxGIraS9Q==
  dependencies:
    function-bind "^1.1.1"
    has "^1.0.3"
    has-symbols "^1.0.1"

graceful-fs@^4.1.2:
  version "4.2.9"
  resolved "https://registry.yarnpkg.com/graceful-fs/-/graceful-fs-4.2.9.tgz#041b05df45755e587a24942279b9d113146e1c96"
  integrity sha512-NtNxqUcXgpW2iMrfqSfR73Glt39K+BLwWsPs94yR63v45T0Wbej7eRmL5cWfwEgqXnmjQp3zaJTshdRW/qC2ZQ==

has-symbols@^1.0.1, has-symbols@^1.0.2:
  version "1.0.3"
  resolved "https://registry.yarnpkg.com/has-symbols/-/has-symbols-1.0.3.tgz#bb7b2c4349251dce87b125f7bdf874aa7c8b39f8"
  integrity sha512-l3LCuF6MgDNwTDKkdYGEihYjt5pRPbEg46rtlmnSPlUbgmB8LOIrKJbYYFBSbnPaJexMKtiPO8hmeRjRz2Td+A==

has-tostringtag@^1.0.0:
  version "1.0.0"
  resolved "https://registry.yarnpkg.com/has-tostringtag/-/has-tostringtag-1.0.0.tgz#7e133818a7d394734f941e73c3d3f9291e658b25"
  integrity sha512-kFjcSNhnlGV1kyoGk7OXKSawH5JOb/LzUc5w9B02hOTO0dfFRjbHQKvg1d6cf3HbeUmtU9VbbV3qzZ2Teh97WQ==
  dependencies:
    has-symbols "^1.0.2"

has@^1.0.3:
  version "1.0.3"
  resolved "https://registry.yarnpkg.com/has/-/has-1.0.3.tgz#722d7cbfc1f6aa8241f16dd814e011e1f41e8796"
  integrity sha512-f2dvO0VU6Oej7RkWJGrehjbzMAjFp5/VKPp5tTpWIV4JHHZK1/BxbFRtf/siA2SWTe09caDmVtYYzWEIbBS4zw==
  dependencies:
    function-bind "^1.1.1"

interpret@^1.4.0:
  version "1.4.0"
  resolved "https://registry.yarnpkg.com/interpret/-/interpret-1.4.0.tgz#665ab8bc4da27a774a40584e812e3e0fa45b1a1e"
  integrity sha512-agE4QfB2Lkp9uICn7BAqoscw4SZP9kTE2hxiFI3jBPmXJfdqiahTbUuKGsMoN2GtqL9AxhYioAcVvgsb1HvRbA==

is-core-module@^2.7.0, is-core-module@^2.8.1:
  version "2.8.1"
  resolved "https://registry.yarnpkg.com/is-core-module/-/is-core-module-2.8.1.tgz#f59fdfca701d5879d0a6b100a40aa1560ce27211"
  integrity sha512-SdNCUs284hr40hFTFP6l0IfZ/RSrMXF3qgoRHd3/79unUTvrFO/JoXwkGm+5J/Oe3E/b5GsnG330uUNgRpu1PA==
  dependencies:
    has "^1.0.3"

is-regex@^1.1.4:
  version "1.1.4"
  resolved "https://registry.yarnpkg.com/is-regex/-/is-regex-1.1.4.tgz#eef5663cd59fa4c0ae339505323df6854bb15958"
  integrity sha512-kvRdxDsxZjhzUX07ZnLydzS1TU/TJlTUHHY4YLL87e37oUA49DfkLqgy+VjFocowy29cKvcSiu+kIv728jTTVg==
  dependencies:
    call-bind "^1.0.2"
    has-tostringtag "^1.0.0"

jweixin-module@^1.6.0:
  version "1.6.0"
  resolved "https://registry.nlark.com/jweixin-module/download/jweixin-module-1.6.0.tgz#4a7ea614083e3c9c3f49e2fdc2bb882cfa58dfcd"
  integrity sha1-Sn6mFAg+PJw/SeL9wruILPpY380=

lodash@^4.17.21:
  version "4.17.21"
  resolved "https://registry.yarnpkg.com/lodash/-/lodash-4.17.21.tgz#679591c564c3bffaae8454cf0b3df370c3d6911c"
  integrity sha512-v2kDEe57lecTulaDIuNTPy3Ry4gLGJ6Z1O3vE1krgXZNrsQ+LFTGHVxVjcXPs17LhbZVGedAJv8XZ1tvj5FvSg==

memory-fs@^0.2.0:
  version "0.2.0"
  resolved "https://registry.yarnpkg.com/memory-fs/-/memory-fs-0.2.0.tgz#f2bb25368bc121e391c2520de92969caee0a0290"
  integrity sha1-8rslNovBIeORwlIN6Slpyu4KApA=

ms@^2.1.1:
  version "2.1.3"
  resolved "https://registry.yarnpkg.com/ms/-/ms-2.1.3.tgz#574c8138ce1d2b5861f0b44579dbadd60c6615b2"
  integrity sha512-6FlzubTLZG3J2a/NVCAleEhjzq5oxgHyaCU9yYXvcLsvoVaHJq/s5xXI6/XXP6tz7R9xAOtHnSO/tXtF3WRTlA==

path-parse@^1.0.7:
  version "1.0.7"
  resolved "https://registry.yarnpkg.com/path-parse/-/path-parse-1.0.7.tgz#fbc114b60ca42b30d9daf5858e4bd68bbedb6735"
  integrity sha512-LDJzPVEEEPR+y48z93A0Ed0yXb8pAByGWo/k5YYdYgpY2/2EsOsksJrq7lOHxryrVOn1ejG6oAp8ahvOIQD8sw==

resolve@^1.20.0:
  version "1.22.0"
  resolved "https://registry.yarnpkg.com/resolve/-/resolve-1.22.0.tgz#5e0b8c67c15df57a89bdbabe603a002f21731198"
  integrity sha512-Hhtrw0nLeSrFQ7phPp4OOcVjLPIeMnRlr5mcnVuMe7M/7eBn98A3hmFRLoFo3DLZkivSYwhRUJTyPyWAk56WLw==
  dependencies:
    is-core-module "^2.8.1"
    path-parse "^1.0.7"
    supports-preserve-symlinks-flag "^1.0.0"

semver@^5.7.1:
  version "5.7.1"
  resolved "https://registry.yarnpkg.com/semver/-/semver-5.7.1.tgz#a954f931aeba508d307bbf069eff0c01c96116f7"
  integrity sha512-sauaDf/PZdVgrLTNYHRtpXa1iRiKcaebiKQ1BJdpQlWH2lCvexQdX55snPFyK7QzpudqbCI0qXFfOasHdyNDGQ==

supports-preserve-symlinks-flag@^1.0.0:
  version "1.0.0"
  resolved "https://registry.yarnpkg.com/supports-preserve-symlinks-flag/-/supports-preserve-symlinks-flag-1.0.0.tgz#6eda4bd344a3c94aea376d4cc31bc77311039e09"
  integrity sha512-ot0WnXS9fgdkgIcePe6RHNk1WA8+muPa6cSjeR3V8K27q9BB1rTE3R1p7Hv0z1ZyAc8s6Vvv8DIyWf681MAt0w==

tapable@^0.1.8:
  version "0.1.10"
  resolved "https://registry.yarnpkg.com/tapable/-/tapable-0.1.10.tgz#29c35707c2b70e50d07482b5d202e8ed446dafd4"
  integrity sha1-KcNXB8K3DlDQdIK10gLo7URtr9Q=
